{
    "name": "ia-now-cdn",
    "version": "1.0.0",
    "lockfileVersion": 1,
    "requires": true,
    "dependencies": {
        "@sailshq/lodash": {
            "version": "3.10.3",
            "resolved": "https://registry.npmjs.org/@sailshq/lodash/-/lodash-3.10.3.tgz",
            "integrity": "sha512-XTF5BtsTSiSpTnfqrCGS5Q8FvSHWCywA0oRxFAZo8E1a8k1MMFUvk3VlRk3q/SusEYwy7gvVdyt9vvNlTa2VuA=="
        },
        "ansi-escapes": {
            "version": "1.4.0",
            "resolved": "https://registry.npmjs.org/ansi-escapes/-/ansi-escapes-1.4.0.tgz",
            "integrity": "sha1-06ioOzGapneTZisT52HHkRQiMG4="
        },
        "asap": {
            "version": "2.0.6",
            "resolved": "https://registry.npmjs.org/asap/-/asap-2.0.6.tgz",
            "integrity": "sha1-5QNHYR1+aQlDIIu9r+vLwvuGbUY="
        },
        "async": {
            "version": "0.9.2",
            "resolved": "https://registry.npmjs.org/async/-/async-0.9.2.tgz",
            "integrity": "sha1-rqdNXmHB+JlhO/ZL2mbUx48v0X0="
        },
        "aws-sdk": {
            "version": "2.487.0",
            "resolved": "https://registry.npmjs.org/aws-sdk/-/aws-sdk-2.487.0.tgz",
            "integrity": "sha512-bdImYaIzvRL4nn8DEvI39VCrQYPDeC/PTYg++EBobhaFh8ksbsTzBnIFAn5IxtlRsXWUzaZVyOgRTGqiiS6YHA==",
            "requires": {
                "buffer": "4.9.1",
                "events": "1.1.1",
                "ieee754": "1.1.8",
                "jmespath": "0.15.0",
                "querystring": "0.2.0",
                "sax": "1.2.1",
                "url": "0.10.3",
                "uuid": "3.3.2",
                "xml2js": "0.4.19"
            }
        },
        "balanced-match": {
            "version": "1.0.0",
            "resolved": "https://registry.npmjs.org/balanced-match/-/balanced-match-1.0.0.tgz",
            "integrity": "sha1-ibTRmasr7kneFk6gK4nORi1xt2c="
        },
        "base64-js": {
            "version": "1.3.0",
            "resolved": "https://registry.npmjs.org/base64-js/-/base64-js-1.3.0.tgz",
            "integrity": "sha512-ccav/yGvoa80BQDljCxsmmQ3Xvx60/UpBIij5QN21W3wBi/hhIC9OoO+KLpu9IJTS9j4DRVJ3aDDF9cMSoa2lw=="
        },
        "brace-expansion": {
            "version": "1.1.11",
            "resolved": "https://registry.npmjs.org/brace-expansion/-/brace-expansion-1.1.11.tgz",
            "integrity": "sha512-iCuPHDFgrHX7H2vEI/5xpz07zSHB00TpugqhmYtVmMO6518mCuRMoOYFldEBl0g187ufozdaHgWKcYFb61qGiA==",
            "requires": {
                "balanced-match": "^1.0.0",
                "concat-map": "0.0.1"
            }
        },
        "buffer": {
            "version": "4.9.1",
            "resolved": "https://registry.npmjs.org/buffer/-/buffer-4.9.1.tgz",
            "integrity": "sha1-bRu2AbB6TvztlwlBMgkwJ8lbwpg=",
            "requires": {
                "base64-js": "^1.0.2",
                "ieee754": "^1.1.4",
                "isarray": "^1.0.0"
            }
        },
        "cli-cursor": {
            "version": "1.0.2",
            "resolved": "https://registry.npmjs.org/cli-cursor/-/cli-cursor-1.0.2.tgz",
            "integrity": "sha1-ZNo/fValRBLll5S9Ytw1KV6PKYc=",
            "requires": {
                "restore-cursor": "^1.0.1"
            }
        },
        "cloudfront-tls": {
            "version": "1.0.0",
            "resolved": "https://registry.npmjs.org/cloudfront-tls/-/cloudfront-tls-1.0.0.tgz",
            "integrity": "sha1-6EURBqsRLiR3FNPwvDiqGYo0fxY=",
            "requires": {
                "async": "^0.9.0",
                "aws-sdk": "^2.1.4",
                "commander": "^2.6.0"
            }
        },
        "colors": {
            "version": "1.3.3",
            "resolved": "https://registry.npmjs.org/colors/-/colors-1.3.3.tgz",
            "integrity": "sha512-mmGt/1pZqYRjMxB1axhTo16/snVZ5krrKkcmMeVKxzECMMXoCgnvTPp10QgHfcbQZw8Dq2jMNG6je4JlWU0gWg=="
        },
        "commander": {
            "version": "2.20.0",
            "resolved": "https://registry.npmjs.org/commander/-/commander-2.20.0.tgz",
            "integrity": "sha512-7j2y+40w61zy6YC2iRNpUe/NwhNyoXrYpHMrSunaMG64nRnaf96zO/KMQR4OyN/UnE5KLyEBnKHd4aG3rskjpQ=="
        },
        "concat-map": {
            "version": "0.0.1",
            "resolved": "https://registry.npmjs.org/concat-map/-/concat-map-0.0.1.tgz",
            "integrity": "sha1-2Klr13/Wjfd5OnMDajug1UBdR3s="
        },
        "console.table": {
            "version": "0.7.0",
            "resolved": "https://registry.npmjs.org/console.table/-/console.table-0.7.0.tgz",
            "integrity": "sha1-XAdLyZBSnGeQlTADcvzC72IPCt4=",
            "requires": {
                "easy-table": "0.3.0"
            }
        },
        "deep-diff": {
            "version": "0.3.8",
            "resolved": "https://registry.npmjs.org/deep-diff/-/deep-diff-0.3.8.tgz",
            "integrity": "sha1-wB3mPvsO7JeYgB1Ax+Da4ltYLIQ="
        },
        "dezalgo": {
            "version": "1.0.3",
            "resolved": "https://registry.npmjs.org/dezalgo/-/dezalgo-1.0.3.tgz",
            "integrity": "sha1-f3Qt4Gb8dIvI24IFad3c5Jvw1FY=",
            "requires": {
                "asap": "^2.0.0",
                "wrappy": "1"
            }
        },
        "dotenv": {
            "version": "2.0.0",
            "resolved": "https://registry.npmjs.org/dotenv/-/dotenv-2.0.0.tgz",
            "integrity": "sha1-vXWcNXqqcDZeAclrewvsCKbg2Uk="
        },
        "easy-table": {
            "version": "0.3.0",
            "resolved": "https://registry.npmjs.org/easy-table/-/easy-table-0.3.0.tgz",
            "integrity": "sha1-RvOwRBgnOnFsLOjFLxysqdAkHLc="
        },
        "events": {
            "version": "1.1.1",
            "resolved": "https://registry.npmjs.org/events/-/events-1.1.1.tgz",
            "integrity": "sha1-nr23Y1rQmccNzEwqH1AEKI6L2SQ="
        },
        "exit-hook": {
            "version": "1.1.1",
            "resolved": "https://registry.npmjs.org/exit-hook/-/exit-hook-1.1.1.tgz",
            "integrity": "sha1-8FyiM7SMBdVP/wd2XfhQfpXAL/g="
        },
        "fs.realpath": {
            "version": "1.0.0",
            "resolved": "https://registry.npmjs.org/fs.realpath/-/fs.realpath-1.0.0.tgz",
            "integrity": "sha1-FQStJSMVjKpA20onh8sBQRmU6k8="
        },
        "glob": {
            "version": "7.1.4",
            "resolved": "https://registry.npmjs.org/glob/-/glob-7.1.4.tgz",
            "integrity": "sha512-hkLPepehmnKk41pUGm3sYxoFs/umurYfYJCerbXEyFIWcAzvpipAgVkBqqT9RBKMGjnq6kMuyYwha6csxbiM1A==",
            "requires": {
                "fs.realpath": "^1.0.0",
                "inflight": "^1.0.4",
                "inherits": "2",
                "minimatch": "^3.0.4",
                "once": "^1.3.0",
                "path-is-absolute": "^1.0.0"
            }
        },
        "graceful-fs": {
            "version": "4.2.0",
            "resolved": "https://registry.npmjs.org/graceful-fs/-/graceful-fs-4.2.0.tgz",
            "integrity": "sha512-jpSvDPV4Cq/bgtpndIWbI5hmYxhQGHPC4d4cqBPb4DLniCfhJokdXhwhaDuLBGLQdvvRum/UiX6ECVIPvDXqdg=="
        },
        "ieee754": {
            "version": "1.1.8",
            "resolved": "https://registry.npmjs.org/ieee754/-/ieee754-1.1.8.tgz",
            "integrity": "sha1-vjPUCsEO8ZJnAfbwii2G+/0a0+Q="
        },
        "inflight": {
            "version": "1.0.6",
            "resolved": "https://registry.npmjs.org/inflight/-/inflight-1.0.6.tgz",
            "integrity": "sha1-Sb1jMdfQLQwJvJEKEHW6gWW1bfk=",
            "requires": {
                "once": "^1.3.0",
                "wrappy": "1"
            }
        },
        "inherits": {
            "version": "2.0.4",
            "resolved": "https://registry.npmjs.org/inherits/-/inherits-2.0.4.tgz",
            "integrity": "sha512-k/vGaX4/Yla3WzyMCvTQOXYeIHvqOKtnqBduzTHpzpQZzAskKMhZ2K+EnBiSM9zGSoIFeMpXKxa4dYeZIQqewQ=="
        },
        "isarray": {
            "version": "1.0.0",
            "resolved": "https://registry.npmjs.org/isarray/-/isarray-1.0.0.tgz",
            "integrity": "sha1-u5NdSFgsuhaMBoNJV6VKPgcSTxE="
        },
        "jmespath": {
            "version": "0.15.0",
            "resolved": "https://registry.npmjs.org/jmespath/-/jmespath-0.15.0.tgz",
            "integrity": "sha1-o/Iiqarp+Wb10nx5ZRDigJF2Qhc="
        },
        "lodash": {
            "version": "4.17.21",
            "resolved": "https://registry.npmjs.org/lodash/-/lodash-4.17.21.tgz",
            "integrity": "sha512-v2kDEe57lecTulaDIuNTPy3Ry4gLGJ6Z1O3vE1krgXZNrsQ+LFTGHVxVjcXPs17LhbZVGedAJv8XZ1tvj5FvSg=="
        },
        "lodash._basedifference": {
            "version": "3.0.3",
            "resolved": "https://registry.npmjs.org/lodash._basedifference/-/lodash._basedifference-3.0.3.tgz",
            "integrity": "sha1-8sIEKWwqeOArOJCBtu3KyTPPYpw=",
            "requires": {
                "lodash._baseindexof": "^3.0.0",
                "lodash._cacheindexof": "^3.0.0",
                "lodash._createcache": "^3.0.0"
            }
        },
        "lodash._baseflatten": {
            "version": "3.1.4",
            "resolved": "https://registry.npmjs.org/lodash._baseflatten/-/lodash._baseflatten-3.1.4.tgz",
            "integrity": "sha1-B3D/gBMa9uNPO1EXlqe6UhTmX/c=",
            "requires": {
                "lodash.isarguments": "^3.0.0",
                "lodash.isarray": "^3.0.0"
            }
        },
        "lodash._baseindexof": {
            "version": "3.1.0",
            "resolved": "https://registry.npmjs.org/lodash._baseindexof/-/lodash._baseindexof-3.1.0.tgz",
            "integrity": "sha1-/lK1OhxnYeQmGNZU5KJXie1hgiw="
        },
        "lodash._cacheindexof": {
            "version": "3.0.2",
            "resolved": "https://registry.npmjs.org/lodash._cacheindexof/-/lodash._cacheindexof-3.0.2.tgz",
            "integrity": "sha1-PcaayCSY0u5ePOVgkbr9Ktx73pI="
        },
        "lodash._createcache": {
            "version": "3.1.2",
            "resolved": "https://registry.npmjs.org/lodash._createcache/-/lodash._createcache-3.1.2.tgz",
            "integrity": "sha1-VtagZAF2JeeevKa4AY4XRAvc8JM=",
            "requires": {
                "lodash._getnative": "^3.0.0"
            }
        },
        "lodash._getnative": {
            "version": "3.9.1",
            "resolved": "https://registry.npmjs.org/lodash._getnative/-/lodash._getnative-3.9.1.tgz",
            "integrity": "sha1-VwvH3t5G1hzc3mh9ZdPuy6o6r/U="
        },
        "lodash.difference": {
            "version": "3.2.2",
            "resolved": "https://registry.npmjs.org/lodash.difference/-/lodash.difference-3.2.2.tgz",
            "integrity": "sha1-3EY//+ZhmrSvSaPIes5mlaKF3eY=",
            "requires": {
                "lodash._basedifference": "^3.0.0",
                "lodash._baseflatten": "^3.0.0",
                "lodash.restparam": "^3.0.0"
            }
        },
        "lodash.intersection": {
            "version": "3.2.0",
            "resolved": "https://registry.npmjs.org/lodash.intersection/-/lodash.intersection-3.2.0.tgz",
            "integrity": "sha1-5bNhEpihGHJHuZ7q2zhaPaAYxXA=",
            "requires": {
                "lodash._baseindexof": "^3.0.0",
                "lodash._cacheindexof": "^3.0.0",
                "lodash._createcache": "^3.0.0",
                "lodash.restparam": "^3.0.0"
            }
        },
        "lodash.isarguments": {
            "version": "3.1.0",
            "resolved": "https://registry.npmjs.org/lodash.isarguments/-/lodash.isarguments-3.1.0.tgz",
            "integrity": "sha1-L1c9hcaiQon/AGY7SRwdM4/zRYo="
        },
        "lodash.isarray": {
            "version": "3.0.4",
            "resolved": "https://registry.npmjs.org/lodash.isarray/-/lodash.isarray-3.0.4.tgz",
            "integrity": "sha1-eeTriMNqgSKvhvhEqpvNhRtfu1U="
        },
        "lodash.restparam": {
            "version": "3.6.1",
            "resolved": "https://registry.npmjs.org/lodash.restparam/-/lodash.restparam-3.6.1.tgz",
            "integrity": "sha1-k2pOMJ7zMKdkXtQUWYbIWuWyCAU="
        },
        "log-update": {
            "version": "1.0.2",
            "resolved": "https://registry.npmjs.org/log-update/-/log-update-1.0.2.tgz",
            "integrity": "sha1-GZKfZMQJPS0ucHWh2tivWcKWuNE=",
            "requires": {
                "ansi-escapes": "^1.0.0",
                "cli-cursor": "^1.0.2"
            }
        },
        "merge-defaults": {
            "version": "0.2.2",
            "resolved": "https://registry.npmjs.org/merge-defaults/-/merge-defaults-0.2.2.tgz",
            "integrity": "sha512-rKkxPFgGDZfmen0IN8BKRsGEbFU3PdO0RhR1GjOk+BLJF7+LAIhs5bUG3s26FkbB5bfIn9il25KkntRGdqHQ3A==",
            "requires": {
                "@sailshq/lodash": "^3.10.2"
            }
        },
        "mime": {
            "version": "1.6.0",
            "resolved": "https://registry.npmjs.org/mime/-/mime-1.6.0.tgz",
            "integrity": "sha512-x0Vn8spI+wuJ1O6S7gnbaQg8Pxh4NNHb7KSINmEWKiPE4RKOplvijn+NkmYmmRgP68mc70j2EbeTFRsrswaQeg=="
        },
        "minimatch": {
            "version": "3.0.4",
            "resolved": "https://registry.npmjs.org/minimatch/-/minimatch-3.0.4.tgz",
            "integrity": "sha512-yJHVQEhyqPLUTgt9B83PXu6W3rx4MvvHvSUvToogpwoGDOUQ+yDrR0HRot+yOCdCO7u4hX3pWft6kWBBcqh0UA==",
            "requires": {
                "brace-expansion": "^1.1.7"
            }
        },
        "object-assign": {
            "version": "4.1.1",
            "resolved": "https://registry.npmjs.org/object-assign/-/object-assign-4.1.1.tgz",
            "integrity": "sha1-IQmtx5ZYh8/AXLvUQsrIv7s2CGM="
        },
        "once": {
            "version": "1.4.0",
            "resolved": "https://registry.npmjs.org/once/-/once-1.4.0.tgz",
            "integrity": "sha1-WDsap3WWHUsROsF9nFC6753Xa9E=",
            "requires": {
                "wrappy": "1"
            }
        },
        "onetime": {
            "version": "1.1.0",
            "resolved": "https://registry.npmjs.org/onetime/-/onetime-1.1.0.tgz",
            "integrity": "sha1-ofeDj4MUxRbwXs78vEzP4EtO14k="
        },
        "path-is-absolute": {
            "version": "1.0.1",
            "resolved": "https://registry.npmjs.org/path-is-absolute/-/path-is-absolute-1.0.1.tgz",
            "integrity": "sha1-F0uSaHNVNP+8es5r9TpanhtcX18="
        },
        "punycode": {
            "version": "1.3.2",
            "resolved": "https://registry.npmjs.org/punycode/-/punycode-1.3.2.tgz",
            "integrity": "sha1-llOgNvt8HuQjQvIyXM7v6jkmxI0="
        },
        "querystring": {
            "version": "0.2.0",
            "resolved": "https://registry.npmjs.org/querystring/-/querystring-0.2.0.tgz",
            "integrity": "sha1-sgmEkgO7Jd+CDadW50cAWHhSFiA="
        },
        "restore-cursor": {
            "version": "1.0.1",
            "resolved": "https://registry.npmjs.org/restore-cursor/-/restore-cursor-1.0.1.tgz",
            "integrity": "sha1-NGYfRohjJ/7SmRR5FSJS35LapUE=",
            "requires": {
                "exit-hook": "^1.0.0",
                "onetime": "^1.0.0"
            }
        },
        "run-auto": {
            "version": "1.1.3",
            "resolved": "https://registry.npmjs.org/run-auto/-/run-auto-1.1.3.tgz",
            "integrity": "sha1-wtUWP+wat4tjRc3TmS/OAy9nH4g=",
            "requires": {
                "dezalgo": "^1.0.1"
            }
        },
        "s3-diff": {
            "version": "1.2.1",
            "resolved": "https://registry.npmjs.org/s3-diff/-/s3-diff-1.2.1.tgz",
            "integrity": "sha512-/De3zE+Nh82iKmO6XPq3ZscgUhkm+79Ry8dQiKigCrYNBb6qHrC0wK2ZGErca596mb0HS4hb56f47DsiM2nbQw==",
            "requires": {
                "aws-sdk": "^2.2.4",
                "glob": "^7.0.5",
                "lodash.difference": "^3.2.2",
                "lodash.intersection": "^3.2.0",
                "run-auto": "^1.1.3"
            }
        },
        "s3-website": {
            "version": "3.3.0",
            "resolved": "https://registry.npmjs.org/s3-website/-/s3-website-3.3.0.tgz",
            "integrity": "sha1-iFnD9QCM5ZNoM8DEyPwEzFoyD2s=",
            "requires": {
                "aws-sdk": "^2.6.12",
                "cloudfront-tls": "^1.0.0",
                "colors": "^1.1.2",
                "commander": "^2.9.0",
                "console.table": "^0.7.0",
                "deep-diff": "^0.3.4",
                "dotenv": "^2.0.0",
                "glob": "^7.1.1",
                "graceful-fs": "^4.1.11",
                "lodash": "^4.17.4",
                "log-update": "^1.0.2",
                "merge-defaults": "^0.2.1",
                "mime": "^1.3.4",
                "object-assign": "^4.1.0",
                "s3-diff": "^1.1.0",
                "wildcard": "^1.1.2"
            }
        },
        "sax": {
            "version": "1.2.1",
            "resolved": "https://registry.npmjs.org/sax/-/sax-1.2.1.tgz",
            "integrity": "sha1-e45lYZCyKOgaZq6nSEgNgozS03o="
        },
        "url": {
            "version": "0.10.3",
            "resolved": "https://registry.npmjs.org/url/-/url-0.10.3.tgz",
            "integrity": "sha1-Ah5NnHcF8hu/N9A861h2dAJ3TGQ=",
            "requires": {
                "punycode": "1.3.2",
                "querystring": "0.2.0"
            }
        },
        "uuid": {
            "version": "3.3.2",
            "resolved": "https://registry.npmjs.org/uuid/-/uuid-3.3.2.tgz",
            "integrity": "sha512-yXJmeNaw3DnnKAOKJE51sL/ZaYfWJRl1pK9dr19YFCu0ObS231AB1/LbqTKRAQ5kw8A90rA6fr4riOUpTZvQZA=="
        },
        "wildcard": {
            "version": "1.1.2",
            "resolved": "https://registry.npmjs.org/wildcard/-/wildcard-1.1.2.tgz",
            "integrity": "sha1-pwIEUwhNjNLv5wup02liY94XEKU="
        },
        "wrappy": {
            "version": "1.0.2",
            "resolved": "https://registry.npmjs.org/wrappy/-/wrappy-1.0.2.tgz",
            "integrity": "sha1-tSQ9jz7BqjXxNkYFvA0QNuMKtp8="
        },
        "xml2js": {
            "version": "0.4.19",
            "resolved": "https://registry.npmjs.org/xml2js/-/xml2js-0.4.19.tgz",
            "integrity": "sha512-esZnJZJOiJR9wWKMyuvSE1y6Dq5LCuJanqhxslH2bxM6duahNZ+HMpCLhBQGZkbX6xRf8x1Y2eJlgt2q3qo49Q==",
            "requires": {
                "sax": ">=0.6.0",
                "xmlbuilder": "~9.0.1"
            }
        },
        "xmlbuilder": {
            "version": "9.0.7",
            "resolved": "https://registry.npmjs.org/xmlbuilder/-/xmlbuilder-9.0.7.tgz",
            "integrity": "sha1-Ey7mPS7FVlxVfiD0wi35rKaGsQ0="
        }
    }
}
